# THIS IS AN AUTOGENERATED FILE. DO NOT EDIT THIS FILE DIRECTLY.
# yarn lockfile v1


"@sindresorhus/is@^0.14.0":
  version "0.14.0"
  resolved "http://registry.npm.taobao.org/@sindresorhus/is/download/@sindresorhus/is-0.14.0.tgz#9fb3a3cf3132328151f353de4632e01e52102bea"

"@szmarczak/http-timer@^1.1.2":
  version "1.1.2"
  resolved "http://registry.npm.taobao.org/@szmarczak/http-timer/download/@szmarczak/http-timer-1.1.2.tgz#b1665e2c461a2cd92f4c1bbf50d5454de0d4b421"
  dependencies:
    defer-to-connect "^1.0.1"

ansi-styles@^3.2.1:
  version "3.2.1"
  resolved "http://registry.npm.taobao.org/ansi-styles/download/ansi-styles-3.2.1.tgz#41fbb20243e50b12be0f04b8dedbf07520ce841d"
  dependencies:
    color-convert "^1.9.0"

asynckit@^0.4.0:
  version "0.4.0"
  resolved "http://registry.npm.taobao.org/asynckit/download/asynckit-0.4.0.tgz#c79ed97f7f34cb8f2ba1bc9790bcc366474b4b79"

cacheable-request@^6.0.0:
  version "6.0.0"
  resolved "http://registry.npm.taobao.org/cacheable-request/download/cacheable-request-6.0.0.tgz#4a1727414e02ac4af82560c4da1b61daa3fa2b63"
  dependencies:
    clone-response "^1.0.2"
    get-stream "^4.0.0"
    http-cache-semantics "^4.0.0"
    keyv "^3.0.0"
    lowercase-keys "^1.0.1"
    normalize-url "^3.1.0"
    responselike "^1.0.2"

chalk@^2.4.2:
  version "2.4.2"
  resolved "http://registry.npm.taobao.org/chalk/download/chalk-2.4.2.tgz#cd42541677a54333cf541a49108c1432b44c9424"
  dependencies:
    ansi-styles "^3.2.1"
    escape-string-regexp "^1.0.5"
    supports-color "^5.3.0"

clone-response@^1.0.2:
  version "1.0.2"
  resolved "http://registry.npm.taobao.org/clone-response/download/clone-response-1.0.2.tgz#d1dc973920314df67fbeb94223b4ee350239e96b"
  dependencies:
    mimic-response "^1.0.0"

color-convert@^1.9.0:
  version "1.9.3"
  resolved "http://registry.npm.taobao.org/color-convert/download/color-convert-1.9.3.tgz#bb71850690e1f136567de629d2d5471deda4c1e8"
  dependencies:
    color-name "1.1.3"

color-name@1.1.3:
  version "1.1.3"
  resolved "http://registry.npm.taobao.org/color-name/download/color-name-1.1.3.tgz#a7d0558bd89c42f795dd42328f740831ca53bc25"

combined-stream@^1.0.6:
  version "1.0.7"
  resolved "http://registry.npm.taobao.org/combined-stream/download/combined-stream-1.0.7.tgz#2d1d24317afb8abe95d6d2c0b07b57813539d828"
  dependencies:
    delayed-stream "~1.0.0"

decompress-response@^3.3.0:
  version "3.3.0"
  resolved "http://registry.npm.taobao.org/decompress-response/download/decompress-response-3.3.0.tgz#80a4dd323748384bfa248083622aedec982adff3"
  dependencies:
    mimic-response "^1.0.0"

defer-to-connect@^1.0.1:
  version "1.0.2"
  resolved "http://registry.npm.taobao.org/defer-to-connect/download/defer-to-connect-1.0.2.tgz#4bae758a314b034ae33902b5aac25a8dd6a8633e"

delayed-stream@~1.0.0:
  version "1.0.0"
  resolved "http://registry.npm.taobao.org/delayed-stream/download/delayed-stream-1.0.0.tgz#df3ae199acadfb7d440aaae0b29e2272b24ec619"

duplexer3@^0.1.4:
  version "0.1.4"
  resolved "http://registry.npm.taobao.org/duplexer3/download/duplexer3-0.1.4.tgz#ee01dd1cac0ed3cbc7fdbea37dc0a8f1ce002ce2"

end-of-stream@^1.1.0:
  version "1.4.1"
  resolved "http://registry.npm.taobao.org/end-of-stream/download/end-of-stream-1.4.1.tgz#ed29634d19baba463b6ce6b80a37213eab71ec43"
  dependencies:
    once "^1.4.0"

escape-string-regexp@^1.0.5:
  version "1.0.5"
  resolved "http://registry.npm.taobao.org/escape-string-regexp/download/escape-string-regexp-1.0.5.tgz#1b61c0562190a8dff6ae3bb2cf0200ca130b86d4"

form-data@^2.3.3:
  version "2.3.3"
  resolved "http://registry.npm.taobao.org/form-data/download/form-data-2.3.3.tgz#dcce52c05f644f298c6a7ab936bd724ceffbf3a6"
  dependencies:
    asynckit "^0.4.0"
    combined-stream "^1.0.6"
    mime-types "^2.1.12"

get-stream@^4.0.0, get-stream@^4.1.0:
  version "4.1.0"
  resolved "http://registry.npm.taobao.org/get-stream/download/get-stream-4.1.0.tgz#c1b255575f3dc21d59bfc79cd3d2b46b1c3a54b5"
  dependencies:
    pump "^3.0.0"

got@^9.6.0:
  version "9.6.0"
  resolved "http://registry.npm.taobao.org/got/download/got-9.6.0.tgz#edf45e7d67f99545705de1f7bbeeeb121765ed85"
  dependencies:
    "@sindresorhus/is" "^0.14.0"
    "@szmarczak/http-timer" "^1.1.2"
    cacheable-request "^6.0.0"
    decompress-response "^3.3.0"
    duplexer3 "^0.1.4"
    get-stream "^4.1.0"
    lowercase-keys "^1.0.1"
    mimic-response "^1.0.1"
    p-cancelable "^1.0.0"
    to-readable-stream "^1.0.0"
    url-parse-lax "^3.0.0"

has-flag@^3.0.0:
  version "3.0.0"
  resolved "http://registry.npm.taobao.org/has-flag/download/has-flag-3.0.0.tgz#b5d454dc2199ae225699f3467e5a07f3b955bafd"

http-cache-semantics@^4.0.0:
  version "4.0.3"
  resolved "http://registry.npm.taobao.org/http-cache-semantics/download/http-cache-semantics-4.0.3.tgz#495704773277eeef6e43f9ab2c2c7d259dda25c5"

is-chinese@^1.2.6:
  version "1.2.6"
  resolved "http://registry.npm.taobao.org/is-chinese/download/is-chinese-1.2.6.tgz#37cefe9a3b08e71447af481924642a463e908e1e"
  dependencies:
    string.prototype.codepointat "^0.2.0"

json-buffer@3.0.0:
  version "3.0.0"
  resolved "http://registry.npm.taobao.org/json-buffer/download/json-buffer-3.0.0.tgz#5b1f397afc75d677bde8bcfc0e47e1f9a3d9a898"

keyv@^3.0.0:
  version "3.1.0"
  resolved "http://registry.npm.taobao.org/keyv/download/keyv-3.1.0.tgz#ecc228486f69991e49e9476485a5be1e8fc5c4d9"
  dependencies:
    json-buffer "3.0.0"

lowercase-keys@^1.0.0, lowercase-keys@^1.0.1:
  version "1.0.1"
  resolved "http://registry.npm.taobao.org/lowercase-keys/download/lowercase-keys-1.0.1.tgz#6f9e30b47084d971a7c820ff15a6c5167b74c26f"

mime-db@~1.37.0:
  version "1.37.0"
  resolved "http://registry.npm.taobao.org/mime-db/download/mime-db-1.37.0.tgz#0b6a0ce6fdbe9576e25f1f2d2fde8830dc0ad0d8"

mime-types@^2.1.12:
  version "2.1.21"
  resolved "http://registry.npm.taobao.org/mime-types/download/mime-types-2.1.21.tgz#28995aa1ecb770742fe6ae7e58f9181c744b3f96"
  dependencies:
    mime-db "~1.37.0"

mimic-response@^1.0.0, mimic-response@^1.0.1:
  version "1.0.1"
  resolved "http://registry.npm.taobao.org/mimic-response/download/mimic-response-1.0.1.tgz#4923538878eef42063cb8a3e3b0798781487ab1b"

normalize-url@^3.1.0:
  version "3.3.0"
  resolved "http://registry.npm.taobao.org/normalize-url/download/normalize-url-3.3.0.tgz#b2e1c4dc4f7c6d57743df733a4f5978d18650559"

once@^1.3.1, once@^1.4.0:
  version "1.4.0"
  resolved "http://registry.npm.taobao.org/once/download/once-1.4.0.tgz#583b1aa775961d4b113ac17d9c50baef9dd76bd1"
  dependencies:
    wrappy "1"

p-cancelable@^1.0.0:
  version "1.0.0"
  resolved "http://registry.npm.taobao.org/p-cancelable/download/p-cancelable-1.0.0.tgz#07e9c6d22c31f9c6784cb4f1e1454a79b6d9e2d6"

prepend-http@^2.0.0:
  version "2.0.0"
  resolved "http://registry.npm.taobao.org/prepend-http/download/prepend-http-2.0.0.tgz#e92434bfa5ea8c19f41cdfd401d741a3c819d897"

pump@^3.0.0:
  version "3.0.0"
  resolved "http://registry.npm.taobao.org/pump/download/pump-3.0.0.tgz#b4a2116815bde2f4e1ea602354e8c75565107a64"
  dependencies:
    end-of-stream "^1.1.0"
    once "^1.3.1"

responselike@^1.0.2:
  version "1.0.2"
  resolved "http://registry.npm.taobao.org/responselike/download/responselike-1.0.2.tgz#918720ef3b631c5642be068f15ade5a46f4ba1e7"
  dependencies:
    lowercase-keys "^1.0.0"

string.prototype.codepointat@^0.2.0:
  version "0.2.1"
  resolved "http://registry.npm.taobao.org/string.prototype.codepointat/download/string.prototype.codepointat-0.2.1.tgz#004ad44c8afc727527b108cd462b4d971cd469bc"

supports-color@^5.3.0:
  version "5.5.0"
  resolved "http://registry.npm.taobao.org/supports-color/download/supports-color-5.5.0.tgz#e2e69a44ac8772f78a1ec0b35b689df6530efc8f"
  dependencies:
    has-flag "^3.0.0"

to-readable-stream@^1.0.0:
  version "1.0.0"
  resolved "http://registry.npm.taobao.org/to-readable-stream/download/to-readable-stream-1.0.0.tgz#ce0aa0c2f3df6adf852efb404a783e77c0475771"

url-parse-lax@^3.0.0:
  version "3.0.0"
  resolved "http://registry.npm.taobao.org/url-parse-lax/download/url-parse-lax-3.0.0.tgz#16b5cafc07dbe3676c1b1999177823d6503acb0c"
  dependencies:
    prepend-http "^2.0.0"

wrappy@1:
  version "1.0.2"
  resolved "http://registry.npm.taobao.org/wrappy/download/wrappy-1.0.2.tgz#b5243d8f3ec1aa35f1364605bc0d1036e30ab69f"
